
Microsoft Visual Studio Solution File, Format Version 12.00
# Visual Studio 15
VisualStudioVersion = 15.0.28010.2003
MinimumVisualStudioVersion = 10.0.40219.1
Project("{FAE04EC0-301F-11D3-BF4B-00C04F79EFBC}") = "GameServerEndpointDemoClient", "GameServerEndpointDemoClient\GameServerEndpointDemoClient.csproj", "{D8E86CAD-8696-406D-A48B-009058406D7E}"
EndProject
Global
	GlobalSection(SolutionConfigurationPlatforms) = preSolution
		Debug|Any CPU = Debug|Any CPU
		Release|Any CPU = Release|Any CPU
	EndGlobalSection
	GlobalSection(ProjectConfigurationPlatforms) = postSolution
		{D8E86CAD-8696-406D-A48B-009058406D7E}.Debug|Any CPU.ActiveCfg = Debug|Any CPU
		{D8E86CAD-8696-406D-A48B-009058406D7E}.Debug|Any CPU.Build.0 = Debug|Any CPU
		{D8E86CAD-8696-406D-A48B-009058406D7E}.Release|Any CPU.ActiveCfg = Release|Any CPU
		{D8E86CAD-8696-406D-A48B-009058406D7E}.Release|Any CPU.Build.0 = Release|Any CPU
	EndGlobalSection
	GlobalSection(SolutionProperties) = preSolution
		HideSolutionNode = FALSE
	EndGlobalSection
	GlobalSection(ExtensibilityGlobals) = postSolution
		SolutionGuid = {D7DF9917-0E1A-45A7-9608-391A8B37C2F9}
	EndGlobalSection
EndGlobal
